
Microsoft Visual Studio Solution File, Format Version 12.00
# Visual Studio Version 17
VisualStudioVersion = 17.10.35027.167
MinimumVisualStudioVersion = 10.0.40219.1
Project("{2150E333-8FDC-42A3-9474-1A3956D46DE8}") = "src", "src", "{575244E4-337F-45C4-886E-0CC27F8F892A}"
EndProject
Project("{2150E333-8FDC-42A3-9474-1A3956D46DE8}") = "test", "test", "{4D21B2A1-8B90-48D3-9D49-7C48B81AE481}"
EndProject
Project("{2150E333-8FDC-42A3-9474-1A3956D46DE8}") = "doc", "doc", "{0220722F-6E6C-4643-80AE-88EC06091041}"
EndProject
Project("{2150E333-8FDC-42A3-9474-1A3956D46DE8}") = "Solution Items", "Solution Items", "{CA73E33D-16C0-497A-9196-5684A6272E47}"
	ProjectSection(SolutionItems) = preProject
		.gitignore = .gitignore
	EndProjectSection
EndProject
Project("{9A19103F-16F7-4668-BE54-9A1E7A4F7556}") = "WeatherForcast", "src\WeatherForcast\WeatherForcast.csproj", "{C8AD8F0F-06AD-4775-8BDC-027714B6EAA1}"
EndProject
Project("{9A19103F-16F7-4668-BE54-9A1E7A4F7556}") = "CityProvider", "src\CityProvider\CityProvider.csproj", "{D3DAB8E1-2017-4E7B-8E54-FEEACF497974}"
EndProject
Project("{9A19103F-16F7-4668-BE54-9A1E7A4F7556}") = "WeatherForcastContractTests", "test\WeatherForcastContractTests\WeatherForcastContractTests.csproj", "{8823BF0B-D9C3-4359-B9A6-BA620D6EEB28}"
EndProject
Project("{9A19103F-16F7-4668-BE54-9A1E7A4F7556}") = "AppHost", "src\AppHost\AppHost.csproj", "{8965B1A0-9801-44D5-A407-9D01BA68F162}"
EndProject
Project("{9A19103F-16F7-4668-BE54-9A1E7A4F7556}") = "ServiceDefaults", "src\ServiceDefaults\ServiceDefaults.csproj", "{3F5A2A2D-200A-4310-B8F7-E67B98253A27}"
EndProject
Global
	GlobalSection(SolutionConfigurationPlatforms) = preSolution
		Debug|Any CPU = Debug|Any CPU
		Release|Any CPU = Release|Any CPU
	EndGlobalSection
	GlobalSection(ProjectConfigurationPlatforms) = postSolution
		{C8AD8F0F-06AD-4775-8BDC-027714B6EAA1}.Debug|Any CPU.ActiveCfg = Debug|Any CPU
		{C8AD8F0F-06AD-4775-8BDC-027714B6EAA1}.Debug|Any CPU.Build.0 = Debug|Any CPU
		{C8AD8F0F-06AD-4775-8BDC-027714B6EAA1}.Release|Any CPU.ActiveCfg = Release|Any CPU
		{C8AD8F0F-06AD-4775-8BDC-027714B6EAA1}.Release|Any CPU.Build.0 = Release|Any CPU
		{D3DAB8E1-2017-4E7B-8E54-FEEACF497974}.Debug|Any CPU.ActiveCfg = Debug|Any CPU
		{D3DAB8E1-2017-4E7B-8E54-FEEACF497974}.Debug|Any CPU.Build.0 = Debug|Any CPU
		{D3DAB8E1-2017-4E7B-8E54-FEEACF497974}.Release|Any CPU.ActiveCfg = Release|Any CPU
		{D3DAB8E1-2017-4E7B-8E54-FEEACF497974}.Release|Any CPU.Build.0 = Release|Any CPU
		{8823BF0B-D9C3-4359-B9A6-BA620D6EEB28}.Debug|Any CPU.ActiveCfg = Debug|Any CPU
		{8823BF0B-D9C3-4359-B9A6-BA620D6EEB28}.Debug|Any CPU.Build.0 = Debug|Any CPU
		{8823BF0B-D9C3-4359-B9A6-BA620D6EEB28}.Release|Any CPU.ActiveCfg = Release|Any CPU
		{8823BF0B-D9C3-4359-B9A6-BA620D6EEB28}.Release|Any CPU.Build.0 = Release|Any CPU
		{8965B1A0-9801-44D5-A407-9D01BA68F162}.Debug|Any CPU.ActiveCfg = Debug|Any CPU
		{8965B1A0-9801-44D5-A407-9D01BA68F162}.Debug|Any CPU.Build.0 = Debug|Any CPU
		{8965B1A0-9801-44D5-A407-9D01BA68F162}.Release|Any CPU.ActiveCfg = Release|Any CPU
		{8965B1A0-9801-44D5-A407-9D01BA68F162}.Release|Any CPU.Build.0 = Release|Any CPU
		{3F5A2A2D-200A-4310-B8F7-E67B98253A27}.Debug|Any CPU.ActiveCfg = Debug|Any CPU
		{3F5A2A2D-200A-4310-B8F7-E67B98253A27}.Debug|Any CPU.Build.0 = Debug|Any CPU
		{3F5A2A2D-200A-4310-B8F7-E67B98253A27}.Release|Any CPU.ActiveCfg = Release|Any CPU
		{3F5A2A2D-200A-4310-B8F7-E67B98253A27}.Release|Any CPU.Build.0 = Release|Any CPU
	EndGlobalSection
	GlobalSection(SolutionProperties) = preSolution
		HideSolutionNode = FALSE
	EndGlobalSection
	GlobalSection(NestedProjects) = preSolution
		{C8AD8F0F-06AD-4775-8BDC-027714B6EAA1} = {575244E4-337F-45C4-886E-0CC27F8F892A}
		{D3DAB8E1-2017-4E7B-8E54-FEEACF497974} = {575244E4-337F-45C4-886E-0CC27F8F892A}
		{8823BF0B-D9C3-4359-B9A6-BA620D6EEB28} = {4D21B2A1-8B90-48D3-9D49-7C48B81AE481}
		{8965B1A0-9801-44D5-A407-9D01BA68F162} = {575244E4-337F-45C4-886E-0CC27F8F892A}
		{3F5A2A2D-200A-4310-B8F7-E67B98253A27} = {575244E4-337F-45C4-886E-0CC27F8F892A}
	EndGlobalSection
	GlobalSection(ExtensibilityGlobals) = postSolution
		SolutionGuid = {7BDAD170-243C-4FCA-95DE-59B8960AD6A8}
	EndGlobalSection
EndGlobal
